// !$*UTF8*$!
{
	archiveVersion = 1;
	classes = {
	};
	objectVersion = 55;
	objects = {

/* Begin PBXBuildFile section */
		851757C5288D41D80012B8EC /* AppDelegate.swift in Sources */ = {isa = PBXBuildFile; fileRef = 851757C4288D41D80012B8EC /* AppDelegate.swift */; };
		851757C7288D41D80012B8EC /* SceneDelegate.swift in Sources */ = {isa = PBXBuildFile; fileRef = 851757C6288D41D80012B8EC /* SceneDelegate.swift */; };
		851757C9288D41D80012B8EC /* ViewController.swift in Sources */ = {isa = PBXBuildFile; fileRef = 851757C8288D41D80012B8EC /* ViewController.swift */; };
		851757CC288D41D80012B8EC /* Main.storyboard in Resources */ = {isa = PBXBuildFile; fileRef = 851757CA288D41D80012B8EC /* Main.storyboard */; };
		851757CE288D41DA0012B8EC /* Assets.xcassets in Resources */ = {isa = PBXBuildFile; fileRef = 851757CD288D41DA0012B8EC /* Assets.xcassets */; };
		851757D1288D41DA0012B8EC /* LaunchScreen.storyboard in Resources */ = {isa = PBXBuildFile; fileRef = 851757CF288D41DA0012B8EC /* LaunchScreen.storyboard */; };
		851757DD288D44160012B8EC /* DragonEnemy.swift in Sources */ = {isa = PBXBuildFile; fileRef = 851757DC288D44160012B8EC /* DragonEnemy.swift */; };
		851757E0288D442C0012B8EC /* Enemy.swift in Sources */ = {isa = PBXBuildFile; fileRef = 851757DF288D442C0012B8EC /* Enemy.swift */; };
		851757E2288D4C360012B8EC /* Hero.swift in Sources */ = {isa = PBXBuildFile; fileRef = 851757E1288D4C360012B8EC /* Hero.swift */; };
		851757E6288D4C9B0012B8EC /* Knight.swift in Sources */ = {isa = PBXBuildFile; fileRef = 851757E5288D4C9B0012B8EC /* Knight.swift */; };
		851757E8288D4CA90012B8EC /* Magician.swift in Sources */ = {isa = PBXBuildFile; fileRef = 851757E7288D4CA90012B8EC /* Magician.swift */; };
		851757EA288D4CB80012B8EC /* Barbarian.swift in Sources */ = {isa = PBXBuildFile; fileRef = 851757E9288D4CB80012B8EC /* Barbarian.swift */; };
		8544A538288D6F0900D4B479 /* Cave.swift in Sources */ = {isa = PBXBuildFile; fileRef = 8544A537288D6F0900D4B479 /* Cave.swift */; };
/* End PBXBuildFile section */

/* Begin PBXFileReference section */
		851757C1288D41D80012B8EC /* iosCourse.app */ = {isa = PBXFileReference; explicitFileType = wrapper.application; includeInIndex = 0; path = iosCourse.app; sourceTree = BUILT_PRODUCTS_DIR; };
		851757C4288D41D80012B8EC /* AppDelegate.swift */ = {isa = PBXFileReference; lastKnownFileType = sourcecode.swift; path = AppDelegate.swift; sourceTree = "<group>"; };
		851757C6288D41D80012B8EC /* SceneDelegate.swift */ = {isa = PBXFileReference; lastKnownFileType = sourcecode.swift; path = SceneDelegate.swift; sourceTree = "<group>"; };
		851757C8288D41D80012B8EC /* ViewController.swift */ = {isa = PBXFileReference; lastKnownFileType = sourcecode.swift; path = ViewController.swift; sourceTree = "<group>"; };
		851757CB288D41D80012B8EC /* Base */ = {isa = PBXFileReference; lastKnownFileType = file.storyboard; name = Base; path = Base.lproj/Main.storyboard; sourceTree = "<group>"; };
		851757CD288D41DA0012B8EC /* Assets.xcassets */ = {isa = PBXFileReference; lastKnownFileType = folder.assetcatalog; path = Assets.xcassets; sourceTree = "<group>"; };
		851757D0288D41DA0012B8EC /* Base */ = {isa = PBXFileReference; lastKnownFileType = file.storyboard; name = Base; path = Base.lproj/LaunchScreen.storyboard; sourceTree = "<group>"; };
		851757D2288D41DA0012B8EC /* Info.plist */ = {isa = PBXFileReference; lastKnownFileType = text.plist.xml; path = Info.plist; sourceTree = "<group>"; };
		851757DC288D44160012B8EC /* DragonEnemy.swift */ = {isa = PBXFileReference; lastKnownFileType = sourcecode.swift; path = DragonEnemy.swift; sourceTree = "<group>"; };
		851757DF288D442C0012B8EC /* Enemy.swift */ = {isa = PBXFileReference; lastKnownFileType = sourcecode.swift; path = Enemy.swift; sourceTree = "<group>"; };
		851757E1288D4C360012B8EC /* Hero.swift */ = {isa = PBXFileReference; lastKnownFileType = sourcecode.swift; path = Hero.swift; sourceTree = "<group>"; };
		851757E5288D4C9B0012B8EC /* Knight.swift */ = {isa = PBXFileReference; lastKnownFileType = sourcecode.swift; path = Knight.swift; sourceTree = "<group>"; };
		851757E7288D4CA90012B8EC /* Magician.swift */ = {isa = PBXFileReference; lastKnownFileType = sourcecode.swift; path = Magician.swift; sourceTree = "<group>"; };
		851757E9288D4CB80012B8EC /* Barbarian.swift */ = {isa = PBXFileReference; lastKnownFileType = sourcecode.swift; path = Barbarian.swift; sourceTree = "<group>"; };
		8544A537288D6F0900D4B479 /* Cave.swift */ = {isa = PBXFileReference; lastKnownFileType = sourcecode.swift; path = Cave.swift; sourceTree = "<group>"; };
/* End PBXFileReference section */

/* Begin PBXFrameworksBuildPhase section */
		851757BE288D41D80012B8EC /* Frameworks */ = {
			isa = PBXFrameworksBuildPhase;
			buildActionMask = 2147483647;
			files = (
			);
			runOnlyForDeploymentPostprocessing = 0;
		};
/* End PBXFrameworksBuildPhase section */

/* Begin PBXGroup section */
		851757B8288D41D80012B8EC = {
			isa = PBXGroup;
			children = (
				851757C3288D41D80012B8EC /* iosCourse */,
				851757C2288D41D80012B8EC /* Products */,
			);
			sourceTree = "<group>";
		};
		851757C2288D41D80012B8EC /* Products */ = {
			isa = PBXGroup;
			children = (
				851757C1288D41D80012B8EC /* iosCourse.app */,
			);
			name = Products;
			sourceTree = "<group>";
		};
		851757C3288D41D80012B8EC /* iosCourse */ = {
			isa = PBXGroup;
			children = (
				851757DE288D441C0012B8EC /* Protocols */,
				851757D8288D421A0012B8EC /* Model */,
				851757C4288D41D80012B8EC /* AppDelegate.swift */,
				851757C6288D41D80012B8EC /* SceneDelegate.swift */,
				851757C8288D41D80012B8EC /* ViewController.swift */,
				851757CA288D41D80012B8EC /* Main.storyboard */,
				851757CD288D41DA0012B8EC /* Assets.xcassets */,
				851757CF288D41DA0012B8EC /* LaunchScreen.storyboard */,
				851757D2288D41DA0012B8EC /* Info.plist */,
			);
			path = iosCourse;
			sourceTree = "<group>";
		};
		851757D8288D421A0012B8EC /* Model */ = {
			isa = PBXGroup;
			children = (
				8544A536288D6EF700D4B479 /* Location */,
				851757E4288D4C4D0012B8EC /* Hero */,
				851757E3288D4C420012B8EC /* Enemy */,
			);
			path = Model;
			sourceTree = "<group>";
		};
		851757DE288D441C0012B8EC /* Protocols */ = {
			isa = PBXGroup;
			children = (
				851757DF288D442C0012B8EC /* Enemy.swift */,
				851757E1288D4C360012B8EC /* Hero.swift */,
			);
			path = Protocols;
			sourceTree = "<group>";
		};
		851757E3288D4C420012B8EC /* Enemy */ = {
			isa = PBXGroup;
			children = (
				851757DC288D44160012B8EC /* DragonEnemy.swift */,
			);
			path = Enemy;
			sourceTree = "<group>";
		};
		851757E4288D4C4D0012B8EC /* Hero */ = {
			isa = PBXGroup;
			children = (
				851757E5288D4C9B0012B8EC /* Knight.swift */,
				851757E7288D4CA90012B8EC /* Magician.swift */,
				851757E9288D4CB80012B8EC /* Barbarian.swift */,
			);
			path = Hero;
			sourceTree = "<group>";
		};
		8544A536288D6EF700D4B479 /* Location */ = {
			isa = PBXGroup;
			children = (
				8544A537288D6F0900D4B479 /* Cave.swift */,
			);
			path = Location;
			sourceTree = "<group>";
		};
/* End PBXGroup section */

/* Begin PBXNativeTarget section */
		851757C0288D41D80012B8EC /* iosCourse */ = {
			isa = PBXNativeTarget;
			buildConfigurationList = 851757D5288D41DA0012B8EC /* Build configuration list for PBXNativeTarget "iosCourse" */;
			buildPhases = (
				851757BD288D41D80012B8EC /* Sources */,
				851757BE288D41D80012B8EC /* Frameworks */,
				851757BF288D41D80012B8EC /* Resources */,
			);
			buildRules = (
			);
			dependencies = (
			);
			name = iosCourse;
			productName = iosCourse;
			productReference = 851757C1288D41D80012B8EC /* iosCourse.app */;
			productType = "com.apple.product-type.application";
		};
/* End PBXNativeTarget section */

/* Begin PBXProject section */
		851757B9288D41D80012B8EC /* Project object */ = {
			isa = PBXProject;
			attributes = {
				BuildIndependentTargetsInParallel = 1;
				LastSwiftUpdateCheck = 1340;
				LastUpgradeCheck = 1340;
				TargetAttributes = {
					851757C0288D41D80012B8EC = {
						CreatedOnToolsVersion = 13.4.1;
					};
				};
			};
			buildConfigurationList = 851757BC288D41D80012B8EC /* Build configuration list for PBXProject "iosCourse" */;
			compatibilityVersion = "Xcode 13.0";
			developmentRegion = en;
			hasScannedForEncodings = 0;
			knownRegions = (
				en,
				Base,
			);
			mainGroup = 851757B8288D41D80012B8EC;
			productRefGroup = 851757C2288D41D80012B8EC /* Products */;
			projectDirPath = "";
			projectRoot = "";
			targets = (
				851757C0288D41D80012B8EC /* iosCourse */,
			);
		};
/* End PBXProject section */

/* Begin PBXResourcesBuildPhase section */
		851757BF288D41D80012B8EC /* Resources */ = {
			isa = PBXResourcesBuildPhase;
			buildActionMask = 2147483647;
			files = (
				851757D1288D41DA0012B8EC /* LaunchScreen.storyboard in Resources */,
				851757CE288D41DA0012B8EC /* Assets.xcassets in Resources */,
				851757CC288D41D80012B8EC /* Main.storyboard in Resources */,
			);
			runOnlyForDeploymentPostprocessing = 0;
		};
/* End PBXResourcesBuildPhase section */

/* Begin PBXSourcesBuildPhase section */
		851757BD288D41D80012B8EC /* Sources */ = {
			isa = PBXSourcesBuildPhase;
			buildActionMask = 2147483647;
			files = (
				851757DD288D44160012B8EC /* DragonEnemy.swift in Sources */,
				851757C9288D41D80012B8EC /* ViewController.swift in Sources */,
				8544A538288D6F0900D4B479 /* Cave.swift in Sources */,
				851757E8288D4CA90012B8EC /* Magician.swift in Sources */,
				851757C5288D41D80012B8EC /* AppDelegate.swift in Sources */,
				851757E0288D442C0012B8EC /* Enemy.swift in Sources */,
				851757C7288D41D80012B8EC /* SceneDelegate.swift in Sources */,
				851757E2288D4C360012B8EC /* Hero.swift in Sources */,
				851757EA288D4CB80012B8EC /* Barbarian.swift in Sources */,
				851757E6288D4C9B0012B8EC /* Knight.swift in Sources */,
			);
			runOnlyForDeploymentPostprocessing = 0;
		};
/* End PBXSourcesBuildPhase section */

/* Begin PBXVariantGroup section */
		851757CA288D41D80012B8EC /* Main.storyboard */ = {
			isa = PBXVariantGroup;
			children = (
				851757CB288D41D80012B8EC /* Base */,
			);
			name = Main.storyboard;
			sourceTree = "<group>";
		};
		851757CF288D41DA0012B8EC /* LaunchScreen.storyboard */ = {
			isa = PBXVariantGroup;
			children = (
				851757D0288D41DA0012B8EC /* Base */,
			);
			name = LaunchScreen.storyboard;
			sourceTree = "<group>";
		};
/* End PBXVariantGroup section */

/* Begin XCBuildConfiguration section */
		851757D3288D41DA0012B8EC /* Debug */ = {
			isa = XCBuildConfiguration;
			buildSettings = {
				ALWAYS_SEARCH_USER_PATHS = NO;
				CLANG_ANALYZER_NONNULL = YES;
				CLANG_ANALYZER_NUMBER_OBJECT_CONVERSION = YES_AGGRESSIVE;
				CLANG_CXX_LANGUAGE_STANDARD = "gnu++17";
				CLANG_ENABLE_MODULES = YES;
				CLANG_ENABLE_OBJC_ARC = YES;
				CLANG_ENABLE_OBJC_WEAK = YES;
				CLANG_WARN_BLOCK_CAPTURE_AUTORELEASING = YES;
				CLANG_WARN_BOOL_CONVERSION = YES;
				CLANG_WARN_COMMA = YES;
				CLANG_WARN_CONSTANT_CONVERSION = YES;
				CLANG_WARN_DEPRECATED_OBJC_IMPLEMENTATIONS = YES;
				CLANG_WARN_DIRECT_OBJC_ISA_USAGE = YES_ERROR;
				CLANG_WARN_DOCUMENTATION_COMMENTS = YES;
				CLANG_WARN_EMPTY_BODY = YES;
				CLANG_WARN_ENUM_CONVERSION = YES;
				CLANG_WARN_INFINITE_RECURSION = YES;
				CLANG_WARN_INT_CONVERSION = YES;
				CLANG_WARN_NON_LITERAL_NULL_CONVERSION = YES;
				CLANG_WARN_OBJC_IMPLICIT_RETAIN_SELF = YES;
				CLANG_WARN_OBJC_LITERAL_CONVERSION = YES;
				CLANG_WARN_OBJC_ROOT_CLASS = YES_ERROR;
				CLANG_WARN_QUOTED_INCLUDE_IN_FRAMEWORK_HEADER = YES;
				CLANG_WARN_RANGE_LOOP_ANALYSIS = YES;
				CLANG_WARN_STRICT_PROTOTYPES = YES;
				CLANG_WARN_SUSPICIOUS_MOVE = YES;
				CLANG_WARN_UNGUARDED_AVAILABILITY = YES_AGGRESSIVE;
				CLANG_WARN_UNREACHABLE_CODE = YES;
				CLANG_WARN__DUPLICATE_METHOD_MATCH = YES;
				COPY_PHASE_STRIP = NO;
				DEBUG_INFORMATION_FORMAT = dwarf;
				ENABLE_STRICT_OBJC_MSGSEND = YES;
				ENABLE_TESTABILITY = YES;
				GCC_C_LANGUAGE_STANDARD = gnu11;
				GCC_DYNAMIC_NO_PIC = NO;
				GCC_NO_COMMON_BLOCKS = YES;
				GCC_OPTIMIZATION_LEVEL = 0;
				GCC_PREPROCESSOR_DEFINITIONS = (
					"DEBUG=1",
					"$(inherited)",
				);
				GCC_WARN_64_TO_32_BIT_CONVERSION = YES;
				GCC_WARN_ABOUT_RETURN_TYPE = YES_ERROR;
				GCC_WARN_UNDECLARED_SELECTOR = YES;
				GCC_WARN_UNINITIALIZED_AUTOS = YES_AGGRESSIVE;
				GCC_WARN_UNUSED_FUNCTION = YES;
				GCC_WARN_UNUSED_VARIABLE = YES;
				IPHONEOS_DEPLOYMENT_TARGET = 15.5;
				MTL_ENABLE_DEBUG_INFO = INCLUDE_SOURCE;
				MTL_FAST_MATH = YES;
				ONLY_ACTIVE_ARCH = YES;
				SDKROOT = iphoneos;
				SWIFT_ACTIVE_COMPILATION_CONDITIONS = DEBUG;
				SWIFT_OPTIMIZATION_LEVEL = "-Onone";
			};
			name = Debug;
		};
		851757D4288D41DA0012B8EC /* Release */ = {
			isa = XCBuildConfiguration;
			buildSettings = {
				ALWAYS_SEARCH_USER_PATHS = NO;
				CLANG_ANALYZER_NONNULL = YES;
				CLANG_ANALYZER_NUMBER_OBJECT_CONVERSION = YES_AGGRESSIVE;
				CLANG_CXX_LANGUAGE_STANDARD = "gnu++17";
				CLANG_ENABLE_MODULES = YES;
				CLANG_ENABLE_OBJC_ARC = YES;
				CLANG_ENABLE_OBJC_WEAK = YES;
				CLANG_WARN_BLOCK_CAPTURE_AUTORELEASING = YES;
				CLANG_WARN_BOOL_CONVERSION = YES;
				CLANG_WARN_COMMA = YES;
				CLANG_WARN_CONSTANT_CONVERSION = YES;
				CLANG_WARN_DEPRECATED_OBJC_IMPLEMENTATIONS = YES;
				CLANG_WARN_DIRECT_OBJC_ISA_USAGE = YES_ERROR;
				CLANG_WARN_DOCUMENTATION_COMMENTS = YES;
				CLANG_WARN_EMPTY_BODY = YES;
				CLANG_WARN_ENUM_CONVERSION = YES;
				CLANG_WARN_INFINITE_RECURSION = YES;
				CLANG_WARN_INT_CONVERSION = YES;
				CLANG_WARN_NON_LITERAL_NULL_CONVERSION = YES;
				CLANG_WARN_OBJC_IMPLICIT_RETAIN_SELF = YES;
				CLANG_WARN_OBJC_LITERAL_CONVERSION = YES;
				CLANG_WARN_OBJC_ROOT_CLASS = YES_ERROR;
				CLANG_WARN_QUOTED_INCLUDE_IN_FRAMEWORK_HEADER = YES;
				CLANG_WARN_RANGE_LOOP_ANALYSIS = YES;
				CLANG_WARN_STRICT_PROTOTYPES = YES;
				CLANG_WARN_SUSPICIOUS_MOVE = YES;
				CLANG_WARN_UNGUARDED_AVAILABILITY = YES_AGGRESSIVE;
				CLANG_WARN_UNREACHABLE_CODE = YES;
				CLANG_WARN__DUPLICATE_METHOD_MATCH = YES;
				COPY_PHASE_STRIP = NO;
				DEBUG_INFORMATION_FORMAT = "dwarf-with-dsym";
				ENABLE_NS_ASSERTIONS = NO;
				ENABLE_STRICT_OBJC_MSGSEND = YES;
				GCC_C_LANGUAGE_STANDARD = gnu11;
				GCC_NO_COMMON_BLOCKS = YES;
				GCC_WARN_64_TO_32_BIT_CONVERSION = YES;
				GCC_WARN_ABOUT_RETURN_TYPE = YES_ERROR;
				GCC_WARN_UNDECLARED_SELECTOR = YES;
				GCC_WARN_UNINITIALIZED_AUTOS = YES_AGGRESSIVE;
				GCC_WARN_UNUSED_FUNCTION = YES;
				GCC_WARN_UNUSED_VARIABLE = YES;
				IPHONEOS_DEPLOYMENT_TARGET = 15.5;
				MTL_ENABLE_DEBUG_INFO = NO;
				MTL_FAST_MATH = YES;
				SDKROOT = iphoneos;
				SWIFT_COMPILATION_MODE = wholemodule;
				SWIFT_OPTIMIZATION_LEVEL = "-O";
				VALIDATE_PRODUCT = YES;
			};
			name = Release;
		};
		851757D6288D41DA0012B8EC /* Debug */ = {
			isa = XCBuildConfiguration;
			buildSettings = {
				ASSETCATALOG_COMPILER_APPICON_NAME = AppIcon;
				ASSETCATALOG_COMPILER_GLOBAL_ACCENT_COLOR_NAME = AccentColor;
				CODE_SIGN_STYLE = Automatic;
				CURRENT_PROJECT_VERSION = 1;
				DEVELOPMENT_TEAM = Q3939MPD4F;
				GENERATE_INFOPLIST_FILE = YES;
				INFOPLIST_FILE = iosCourse/Info.plist;
				INFOPLIST_KEY_UIApplicationSupportsIndirectInputEvents = YES;
				INFOPLIST_KEY_UILaunchStoryboardName = LaunchScreen;
				INFOPLIST_KEY_UIMainStoryboardFile = Main;
				INFOPLIST_KEY_UISupportedInterfaceOrientations_iPad = "UIInterfaceOrientationPortrait UIInterfaceOrientationPortraitUpsideDown UIInterfaceOrientationLandscapeLeft UIInterfaceOrientationLandscapeRight";
				INFOPLIST_KEY_UISupportedInterfaceOrientations_iPhone = "UIInterfaceOrientationPortrait UIInterfaceOrientationLandscapeLeft UIInterfaceOrientationLandscapeRight";
				LD_RUNPATH_SEARCH_PATHS = (
					"$(inherited)",
					"@executable_path/Frameworks",
				);
				MARKETING_VERSION = 1.0;
				PRODUCT_BUNDLE_IDENTIFIER = stanislav.iosCourse;
				PRODUCT_NAME = "$(TARGET_NAME)";
				SWIFT_EMIT_LOC_STRINGS = YES;
				SWIFT_VERSION = 5.0;
				TARGETED_DEVICE_FAMILY = "1,2";
			};
			name = Debug;
		};
		851757D7288D41DA0012B8EC /* Release */ = {
			isa = XCBuildConfiguration;
			buildSettings = {
				ASSETCATALOG_COMPILER_APPICON_NAME = AppIcon;
				ASSETCATALOG_COMPILER_GLOBAL_ACCENT_COLOR_NAME = AccentColor;
				CODE_SIGN_STYLE = Automatic;
				CURRENT_PROJECT_VERSION = 1;
				DEVELOPMENT_TEAM = Q3939MPD4F;
				GENERATE_INFOPLIST_FILE = YES;
				INFOPLIST_FILE = iosCourse/Info.plist;
				INFOPLIST_KEY_UIApplicationSupportsIndirectInputEvents = YES;
				INFOPLIST_KEY_UILaunchStoryboardName = LaunchScreen;
				INFOPLIST_KEY_UIMainStoryboardFile = Main;
				INFOPLIST_KEY_UISupportedInterfaceOrientations_iPad = "UIInterfaceOrientationPortrait UIInterfaceOrientationPortraitUpsideDown UIInterfaceOrientationLandscapeLeft UIInterfaceOrientationLandscapeRight";
				INFOPLIST_KEY_UISupportedInterfaceOrientations_iPhone = "UIInterfaceOrientationPortrait UIInterfaceOrientationLandscapeLeft UIInterfaceOrientationLandscapeRight";
				LD_RUNPATH_SEARCH_PATHS = (
					"$(inherited)",
					"@executable_path/Frameworks",
				);
				MARKETING_VERSION = 1.0;
				PRODUCT_BUNDLE_IDENTIFIER = stanislav.iosCourse;
				PRODUCT_NAME = "$(TARGET_NAME)";
				SWIFT_EMIT_LOC_STRINGS = YES;
				SWIFT_VERSION = 5.0;
				TARGETED_DEVICE_FAMILY = "1,2";
			};
			name = Release;
		};
/* End XCBuildConfiguration section */

/* Begin XCConfigurationList section */
		851757BC288D41D80012B8EC /* Build configuration list for PBXProject "iosCourse" */ = {
			isa = XCConfigurationList;
			buildConfigurations = (
				851757D3288D41DA0012B8EC /* Debug */,
				851757D4288D41DA0012B8EC /* Release */,
			);
			defaultConfigurationIsVisible = 0;
			defaultConfigurationName = Release;
		};
		851757D5288D41DA0012B8EC /* Build configuration list for PBXNativeTarget "iosCourse" */ = {
			isa = XCConfigurationList;
			buildConfigurations = (
				851757D6288D41DA0012B8EC /* Debug */,
				851757D7288D41DA0012B8EC /* Release */,
			);
			defaultConfigurationIsVisible = 0;
			defaultConfigurationName = Release;
		};
/* End XCConfigurationList section */
	};
	rootObject = 851757B9288D41D80012B8EC /* Project object */;
}
